
Microsoft Visual Studio Solution File, Format Version 11.00
# Visual C# Express 2010
Project("{FAE04EC0-301F-11D3-BF4B-00C04F79EFBC}") = "Console1_mytest2002", "Console1_mytest2002\Console1_mytest2002.csproj", "{42F16E71-DEDD-4AFF-A7B3-8BBB54245BCE}"
EndProject
Global
	GlobalSection(SolutionConfigurationPlatforms) = preSolution
		Debug|x86 = Debug|x86
		Release|x86 = Release|x86
	EndGlobalSection
	GlobalSection(ProjectConfigurationPlatforms) = postSolution
		{42F16E71-DEDD-4AFF-A7B3-8BBB54245BCE}.Debug|x86.ActiveCfg = Debug|x86
		{42F16E71-DEDD-4AFF-A7B3-8BBB54245BCE}.Debug|x86.Build.0 = Debug|x86
		{42F16E71-DEDD-4AFF-A7B3-8BBB54245BCE}.Release|x86.ActiveCfg = Release|x86
		{42F16E71-DEDD-4AFF-A7B3-8BBB54245BCE}.Release|x86.Build.0 = Release|x86
	EndGlobalSection
	GlobalSection(SolutionProperties) = preSolution
		HideSolutionNode = FALSE
	EndGlobalSection
EndGlobal
